
Microsoft Visual Studio Solution File, Format Version 12.00
# Visual Studio Version 17
VisualStudioVersion = 17.4.33213.308
MinimumVisualStudioVersion = 10.0.40219.1
Project("{9A19103F-16F7-4668-BE54-9A1E7A4F7556}") = "SQSPublisher", "SQS\SQSPublisher\SQSPublisher.csproj", "{9E143EA7-D94F-4333-BA55-D66A7D68815C}"
EndProject
Project("{9A19103F-16F7-4668-BE54-9A1E7A4F7556}") = "SQSConsumer", "SQS\SQSConsumer\SQSConsumer.csproj", "{9E6EF785-2AA5-4ED8-9AB6-140A3D10A48F}"
EndProject
Project("{9A19103F-16F7-4668-BE54-9A1E7A4F7556}") = "Customers.Api", "SQS\Customers.Api\Customers.Api.csproj", "{BEAC890C-726F-474B-A8C5-15FF64318BF5}"
EndProject
Project("{9A19103F-16F7-4668-BE54-9A1E7A4F7556}") = "Customers.Consumer", "SQS\Customers.Consumer\Customers.Consumer.csproj", "{F10CAD94-4BC1-4793-A62D-0841DE08E324}"
EndProject
Project("{2150E333-8FDC-42A3-9474-1A3956D46DE8}") = "SQS", "SQS", "{1090C06E-A034-4C54-A040-0A3EE249A71F}"
EndProject
Project("{2150E333-8FDC-42A3-9474-1A3956D46DE8}") = "SNS", "SNS", "{93B3EFBE-5BA6-4A6A-8874-FE23FB8FF03D}"
EndProject
Project("{9A19103F-16F7-4668-BE54-9A1E7A4F7556}") = "SnsPublisher", "SNS\SnsPublisher\SnsPublisher.csproj", "{E976AC1D-CD84-4E99-B423-3AB538F41C9F}"
EndProject
Project("{9A19103F-16F7-4668-BE54-9A1E7A4F7556}") = "SqsConsumer", "SNS\SqsSnsConsumer\SqsConsumer.csproj", "{7C93D5DE-7C87-4897-815F-158FAE6F5DD6}"
EndProject
Project("{9A19103F-16F7-4668-BE54-9A1E7A4F7556}") = "Customers.Api", "SNS\Customers.Api\Customers.Api.csproj", "{1C1C2764-B719-4ADB-B33C-79B5A2D31960}"
EndProject
Project("{9A19103F-16F7-4668-BE54-9A1E7A4F7556}") = "Customers.Api", "DynamoDB\Customers.Api\Customers.Api.csproj", "{623C2C50-1BA0-4944-9A8E-BAFB623873B5}"
EndProject
Project("{2150E333-8FDC-42A3-9474-1A3956D46DE8}") = "DynamoDb", "DynamoDb", "{A8BF0155-3D34-4D28-9F5B-F008142177F7}"
EndProject
Project("{9A19103F-16F7-4668-BE54-9A1E7A4F7556}") = "Movies.Api", "DynamoDB\Movies.Api\Movies.Api.csproj", "{413401C8-2FF9-4D3A-8622-DD19C2C53174}"
EndProject
Project("{2150E333-8FDC-42A3-9474-1A3956D46DE8}") = "S3", "S3", "{C2CFA977-DD62-4A52-89CF-193D3B797D47}"
EndProject
Project("{9A19103F-16F7-4668-BE54-9A1E7A4F7556}") = "S3Playground", "S3\S3Playground\S3Playground.csproj", "{2183DE72-D6D7-4CB2-A602-C98816C386A2}"
EndProject
Global
	GlobalSection(SolutionConfigurationPlatforms) = preSolution
		Debug|Any CPU = Debug|Any CPU
		Release|Any CPU = Release|Any CPU
	EndGlobalSection
	GlobalSection(ProjectConfigurationPlatforms) = postSolution
		{9E143EA7-D94F-4333-BA55-D66A7D68815C}.Debug|Any CPU.ActiveCfg = Debug|Any CPU
		{9E143EA7-D94F-4333-BA55-D66A7D68815C}.Debug|Any CPU.Build.0 = Debug|Any CPU
		{9E143EA7-D94F-4333-BA55-D66A7D68815C}.Release|Any CPU.ActiveCfg = Release|Any CPU
		{9E143EA7-D94F-4333-BA55-D66A7D68815C}.Release|Any CPU.Build.0 = Release|Any CPU
		{9E6EF785-2AA5-4ED8-9AB6-140A3D10A48F}.Debug|Any CPU.ActiveCfg = Debug|Any CPU
		{9E6EF785-2AA5-4ED8-9AB6-140A3D10A48F}.Debug|Any CPU.Build.0 = Debug|Any CPU
		{9E6EF785-2AA5-4ED8-9AB6-140A3D10A48F}.Release|Any CPU.ActiveCfg = Release|Any CPU
		{9E6EF785-2AA5-4ED8-9AB6-140A3D10A48F}.Release|Any CPU.Build.0 = Release|Any CPU
		{BEAC890C-726F-474B-A8C5-15FF64318BF5}.Debug|Any CPU.ActiveCfg = Debug|Any CPU
		{BEAC890C-726F-474B-A8C5-15FF64318BF5}.Debug|Any CPU.Build.0 = Debug|Any CPU
		{BEAC890C-726F-474B-A8C5-15FF64318BF5}.Release|Any CPU.ActiveCfg = Release|Any CPU
		{BEAC890C-726F-474B-A8C5-15FF64318BF5}.Release|Any CPU.Build.0 = Release|Any CPU
		{F10CAD94-4BC1-4793-A62D-0841DE08E324}.Debug|Any CPU.ActiveCfg = Debug|Any CPU
		{F10CAD94-4BC1-4793-A62D-0841DE08E324}.Debug|Any CPU.Build.0 = Debug|Any CPU
		{F10CAD94-4BC1-4793-A62D-0841DE08E324}.Release|Any CPU.ActiveCfg = Release|Any CPU
		{F10CAD94-4BC1-4793-A62D-0841DE08E324}.Release|Any CPU.Build.0 = Release|Any CPU
		{E976AC1D-CD84-4E99-B423-3AB538F41C9F}.Debug|Any CPU.ActiveCfg = Debug|Any CPU
		{E976AC1D-CD84-4E99-B423-3AB538F41C9F}.Debug|Any CPU.Build.0 = Debug|Any CPU
		{E976AC1D-CD84-4E99-B423-3AB538F41C9F}.Release|Any CPU.ActiveCfg = Release|Any CPU
		{E976AC1D-CD84-4E99-B423-3AB538F41C9F}.Release|Any CPU.Build.0 = Release|Any CPU
		{7C93D5DE-7C87-4897-815F-158FAE6F5DD6}.Debug|Any CPU.ActiveCfg = Debug|Any CPU
		{7C93D5DE-7C87-4897-815F-158FAE6F5DD6}.Debug|Any CPU.Build.0 = Debug|Any CPU
		{7C93D5DE-7C87-4897-815F-158FAE6F5DD6}.Release|Any CPU.ActiveCfg = Release|Any CPU
		{7C93D5DE-7C87-4897-815F-158FAE6F5DD6}.Release|Any CPU.Build.0 = Release|Any CPU
		{1C1C2764-B719-4ADB-B33C-79B5A2D31960}.Debug|Any CPU.ActiveCfg = Debug|Any CPU
		{1C1C2764-B719-4ADB-B33C-79B5A2D31960}.Debug|Any CPU.Build.0 = Debug|Any CPU
		{1C1C2764-B719-4ADB-B33C-79B5A2D31960}.Release|Any CPU.ActiveCfg = Release|Any CPU
		{1C1C2764-B719-4ADB-B33C-79B5A2D31960}.Release|Any CPU.Build.0 = Release|Any CPU
		{623C2C50-1BA0-4944-9A8E-BAFB623873B5}.Debug|Any CPU.ActiveCfg = Debug|Any CPU
		{623C2C50-1BA0-4944-9A8E-BAFB623873B5}.Debug|Any CPU.Build.0 = Debug|Any CPU
		{623C2C50-1BA0-4944-9A8E-BAFB623873B5}.Release|Any CPU.ActiveCfg = Release|Any CPU
		{623C2C50-1BA0-4944-9A8E-BAFB623873B5}.Release|Any CPU.Build.0 = Release|Any CPU
		{413401C8-2FF9-4D3A-8622-DD19C2C53174}.Debug|Any CPU.ActiveCfg = Debug|Any CPU
		{413401C8-2FF9-4D3A-8622-DD19C2C53174}.Debug|Any CPU.Build.0 = Debug|Any CPU
		{413401C8-2FF9-4D3A-8622-DD19C2C53174}.Release|Any CPU.ActiveCfg = Release|Any CPU
		{413401C8-2FF9-4D3A-8622-DD19C2C53174}.Release|Any CPU.Build.0 = Release|Any CPU
		{2183DE72-D6D7-4CB2-A602-C98816C386A2}.Debug|Any CPU.ActiveCfg = Debug|Any CPU
		{2183DE72-D6D7-4CB2-A602-C98816C386A2}.Debug|Any CPU.Build.0 = Debug|Any CPU
		{2183DE72-D6D7-4CB2-A602-C98816C386A2}.Release|Any CPU.ActiveCfg = Release|Any CPU
		{2183DE72-D6D7-4CB2-A602-C98816C386A2}.Release|Any CPU.Build.0 = Release|Any CPU
	EndGlobalSection
	GlobalSection(SolutionProperties) = preSolution
		HideSolutionNode = FALSE
	EndGlobalSection
	GlobalSection(NestedProjects) = preSolution
		{9E143EA7-D94F-4333-BA55-D66A7D68815C} = {1090C06E-A034-4C54-A040-0A3EE249A71F}
		{9E6EF785-2AA5-4ED8-9AB6-140A3D10A48F} = {1090C06E-A034-4C54-A040-0A3EE249A71F}
		{BEAC890C-726F-474B-A8C5-15FF64318BF5} = {1090C06E-A034-4C54-A040-0A3EE249A71F}
		{F10CAD94-4BC1-4793-A62D-0841DE08E324} = {1090C06E-A034-4C54-A040-0A3EE249A71F}
		{E976AC1D-CD84-4E99-B423-3AB538F41C9F} = {93B3EFBE-5BA6-4A6A-8874-FE23FB8FF03D}
		{7C93D5DE-7C87-4897-815F-158FAE6F5DD6} = {93B3EFBE-5BA6-4A6A-8874-FE23FB8FF03D}
		{1C1C2764-B719-4ADB-B33C-79B5A2D31960} = {93B3EFBE-5BA6-4A6A-8874-FE23FB8FF03D}
		{623C2C50-1BA0-4944-9A8E-BAFB623873B5} = {A8BF0155-3D34-4D28-9F5B-F008142177F7}
		{413401C8-2FF9-4D3A-8622-DD19C2C53174} = {A8BF0155-3D34-4D28-9F5B-F008142177F7}
		{2183DE72-D6D7-4CB2-A602-C98816C386A2} = {C2CFA977-DD62-4A52-89CF-193D3B797D47}
	EndGlobalSection
	GlobalSection(ExtensibilityGlobals) = postSolution
		SolutionGuid = {9B4B42D0-77A3-4F73-8067-07152B6AD193}
	EndGlobalSection
EndGlobal
