
Microsoft Visual Studio Solution File, Format Version 12.00
# Visual Studio Version 17
VisualStudioVersion = 17.4.33213.308
MinimumVisualStudioVersion = 10.0.40219.1
Project("{9A19103F-16F7-4668-BE54-9A1E7A4F7556}") = "SQSPublisher", "SQS\SQSPublisher\SQSPublisher.csproj", "{9E143EA7-D94F-4333-BA55-D66A7D68815C}"
EndProject
Project("{9A19103F-16F7-4668-BE54-9A1E7A4F7556}") = "SQSConsumer", "SQS\SQSConsumer\SQSConsumer.csproj", "{9E6EF785-2AA5-4ED8-9AB6-140A3D10A48F}"
EndProject
Project("{9A19103F-16F7-4668-BE54-9A1E7A4F7556}") = "Customers.Api", "SQS\Customers.Api\Customers.Api.csproj", "{BEAC890C-726F-474B-A8C5-15FF64318BF5}"
EndProject
Project("{9A19103F-16F7-4668-BE54-9A1E7A4F7556}") = "Customers.Consumer", "SQS\Customers.Consumer\Customers.Consumer.csproj", "{F10CAD94-4BC1-4793-A62D-0841DE08E324}"
EndProject
Project("{2150E333-8FDC-42A3-9474-1A3956D46DE8}") = "SQS", "SQS", "{1090C06E-A034-4C54-A040-0A3EE249A71F}"
EndProject
Project("{2150E333-8FDC-42A3-9474-1A3956D46DE8}") = "SNS", "SNS", "{93B3EFBE-5BA6-4A6A-8874-FE23FB8FF03D}"
EndProject
Project("{9A19103F-16F7-4668-BE54-9A1E7A4F7556}") = "SnsPublisher", "SNS\SnsPublisher\SnsPublisher.csproj", "{E976AC1D-CD84-4E99-B423-3AB538F41C9F}"
EndProject
Project("{9A19103F-16F7-4668-BE54-9A1E7A4F7556}") = "SqsConsumer", "SNS\SqsSnsConsumer\SqsConsumer.csproj", "{7C93D5DE-7C87-4897-815F-158FAE6F5DD6}"
EndProject
Project("{9A19103F-16F7-4668-BE54-9A1E7A4F7556}") = "Customers.Api", "SNS\Customers.Api\Customers.Api.csproj", "{1C1C2764-B719-4ADB-B33C-79B5A2D31960}"
EndProject
Project("{9A19103F-16F7-4668-BE54-9A1E7A4F7556}") = "Customers.Api", "DynamoDB\Customers.Api\Customers.Api.csproj", "{623C2C50-1BA0-4944-9A8E-BAFB623873B5}"
EndProject
Project("{2150E333-8FDC-42A3-9474-1A3956D46DE8}") = "DynamoDb", "DynamoDb", "{A8BF0155-3D34-4D28-9F5B-F008142177F7}"
EndProject
Project("{9A19103F-16F7-4668-BE54-9A1E7A4F7556}") = "Movies.Api", "DynamoDB\Movies.Api\Movies.Api.csproj", "{413401C8-2FF9-4D3A-8622-DD19C2C53174}"
EndProject
Project("{2150E333-8FDC-42A3-9474-1A3956D46DE8}") = "S3", "S3", "{C2CFA977-DD62-4A52-89CF-193D3B797D47}"
EndProject
Project("{9A19103F-16F7-4668-BE54-9A1E7A4F7556}") = "S3Playground", "S3\S3Playground\S3Playground.csproj", "{2183DE72-D6D7-4CB2-A602-C98816C386A2}"
EndProject
Project("{9A19103F-16F7-4668-BE54-9A1E7A4F7556}") = "Customers.Api", "S3\Customers.Api\Customers.Api.csproj", "{CC5EC8DA-3548-4337-ACE2-8859270C17A7}"
EndProject
Project("{2150E333-8FDC-42A3-9474-1A3956D46DE8}") = "SecretsManager", "SecretsManager", "{FBB10D7B-ADE7-4C8A-87C2-7D6C965AABD2}"
EndProject
Project("{9A19103F-16F7-4668-BE54-9A1E7A4F7556}") = "SecretsManager.App", "SecretsManager\SecretsManager.App\SecretsManager.App.csproj", "{61AB7DA1-3F77-4F1E-ACBC-49BA53F6300C}"
EndProject
Project("{9A19103F-16F7-4668-BE54-9A1E7A4F7556}") = "Weather.Api", "SecretsManager\Weather.Api\Weather.Api.csproj", "{93504E40-93B2-4A9C-8E09-F159A5E7314A}"
EndProject
Project("{2150E333-8FDC-42A3-9474-1A3956D46DE8}") = "Lambda", "Lambda", "{8B559B3F-241C-4D9B-84C9-E03D256ECA34}"
EndProject
Project("{9A19103F-16F7-4668-BE54-9A1E7A4F7556}") = "SimpleLambda", "Lambda\SimpleLambda\src\SimpleLambda\SimpleLambda.csproj", "{CBDD2258-26E6-47A9-A7FA-1444376DA1B9}"
EndProject
Project("{9A19103F-16F7-4668-BE54-9A1E7A4F7556}") = "SimpleHttpLambda", "Lambda\SimpleHttpLambda\src\SimpleHttpLambda\SimpleHttpLambda.csproj", "{5B7055B7-B81C-4D80-BB83-56334883B4DA}"
EndProject
Project("{FAE04EC0-301F-11D3-BF4B-00C04F79EFBC}") = "SimpleSQSLambda", "Lambda\SimpleSQSLambda\src\SimpleSQSLambda\SimpleSQSLambda.csproj", "{C21CC8B5-A5B0-48BB-AD18-89587EE39643}"
EndProject
Project("{FAE04EC0-301F-11D3-BF4B-00C04F79EFBC}") = "SimpleAPILambda", "Lambda\SimpleAPILambda\SimpleAPILambda.csproj", "{B28B4F09-4EAA-4261-9B6D-5A24009D13DD}"
EndProject
Global
	GlobalSection(SolutionConfigurationPlatforms) = preSolution
		Debug|Any CPU = Debug|Any CPU
		Release|Any CPU = Release|Any CPU
	EndGlobalSection
	GlobalSection(ProjectConfigurationPlatforms) = postSolution
		{9E143EA7-D94F-4333-BA55-D66A7D68815C}.Debug|Any CPU.ActiveCfg = Debug|Any CPU
		{9E143EA7-D94F-4333-BA55-D66A7D68815C}.Debug|Any CPU.Build.0 = Debug|Any CPU
		{9E143EA7-D94F-4333-BA55-D66A7D68815C}.Release|Any CPU.ActiveCfg = Release|Any CPU
		{9E143EA7-D94F-4333-BA55-D66A7D68815C}.Release|Any CPU.Build.0 = Release|Any CPU
		{9E6EF785-2AA5-4ED8-9AB6-140A3D10A48F}.Debug|Any CPU.ActiveCfg = Debug|Any CPU
		{9E6EF785-2AA5-4ED8-9AB6-140A3D10A48F}.Debug|Any CPU.Build.0 = Debug|Any CPU
		{9E6EF785-2AA5-4ED8-9AB6-140A3D10A48F}.Release|Any CPU.ActiveCfg = Release|Any CPU
		{9E6EF785-2AA5-4ED8-9AB6-140A3D10A48F}.Release|Any CPU.Build.0 = Release|Any CPU
		{BEAC890C-726F-474B-A8C5-15FF64318BF5}.Debug|Any CPU.ActiveCfg = Debug|Any CPU
		{BEAC890C-726F-474B-A8C5-15FF64318BF5}.Debug|Any CPU.Build.0 = Debug|Any CPU
		{BEAC890C-726F-474B-A8C5-15FF64318BF5}.Release|Any CPU.ActiveCfg = Release|Any CPU
		{BEAC890C-726F-474B-A8C5-15FF64318BF5}.Release|Any CPU.Build.0 = Release|Any CPU
		{F10CAD94-4BC1-4793-A62D-0841DE08E324}.Debug|Any CPU.ActiveCfg = Debug|Any CPU
		{F10CAD94-4BC1-4793-A62D-0841DE08E324}.Debug|Any CPU.Build.0 = Debug|Any CPU
		{F10CAD94-4BC1-4793-A62D-0841DE08E324}.Release|Any CPU.ActiveCfg = Release|Any CPU
		{F10CAD94-4BC1-4793-A62D-0841DE08E324}.Release|Any CPU.Build.0 = Release|Any CPU
		{E976AC1D-CD84-4E99-B423-3AB538F41C9F}.Debug|Any CPU.ActiveCfg = Debug|Any CPU
		{E976AC1D-CD84-4E99-B423-3AB538F41C9F}.Debug|Any CPU.Build.0 = Debug|Any CPU
		{E976AC1D-CD84-4E99-B423-3AB538F41C9F}.Release|Any CPU.ActiveCfg = Release|Any CPU
		{E976AC1D-CD84-4E99-B423-3AB538F41C9F}.Release|Any CPU.Build.0 = Release|Any CPU
		{7C93D5DE-7C87-4897-815F-158FAE6F5DD6}.Debug|Any CPU.ActiveCfg = Debug|Any CPU
		{7C93D5DE-7C87-4897-815F-158FAE6F5DD6}.Debug|Any CPU.Build.0 = Debug|Any CPU
		{7C93D5DE-7C87-4897-815F-158FAE6F5DD6}.Release|Any CPU.ActiveCfg = Release|Any CPU
		{7C93D5DE-7C87-4897-815F-158FAE6F5DD6}.Release|Any CPU.Build.0 = Release|Any CPU
		{1C1C2764-B719-4ADB-B33C-79B5A2D31960}.Debug|Any CPU.ActiveCfg = Debug|Any CPU
		{1C1C2764-B719-4ADB-B33C-79B5A2D31960}.Debug|Any CPU.Build.0 = Debug|Any CPU
		{1C1C2764-B719-4ADB-B33C-79B5A2D31960}.Release|Any CPU.ActiveCfg = Release|Any CPU
		{1C1C2764-B719-4ADB-B33C-79B5A2D31960}.Release|Any CPU.Build.0 = Release|Any CPU
		{623C2C50-1BA0-4944-9A8E-BAFB623873B5}.Debug|Any CPU.ActiveCfg = Debug|Any CPU
		{623C2C50-1BA0-4944-9A8E-BAFB623873B5}.Debug|Any CPU.Build.0 = Debug|Any CPU
		{623C2C50-1BA0-4944-9A8E-BAFB623873B5}.Release|Any CPU.ActiveCfg = Release|Any CPU
		{623C2C50-1BA0-4944-9A8E-BAFB623873B5}.Release|Any CPU.Build.0 = Release|Any CPU
		{413401C8-2FF9-4D3A-8622-DD19C2C53174}.Debug|Any CPU.ActiveCfg = Debug|Any CPU
		{413401C8-2FF9-4D3A-8622-DD19C2C53174}.Debug|Any CPU.Build.0 = Debug|Any CPU
		{413401C8-2FF9-4D3A-8622-DD19C2C53174}.Release|Any CPU.ActiveCfg = Release|Any CPU
		{413401C8-2FF9-4D3A-8622-DD19C2C53174}.Release|Any CPU.Build.0 = Release|Any CPU
		{2183DE72-D6D7-4CB2-A602-C98816C386A2}.Debug|Any CPU.ActiveCfg = Debug|Any CPU
		{2183DE72-D6D7-4CB2-A602-C98816C386A2}.Debug|Any CPU.Build.0 = Debug|Any CPU
		{2183DE72-D6D7-4CB2-A602-C98816C386A2}.Release|Any CPU.ActiveCfg = Release|Any CPU
		{2183DE72-D6D7-4CB2-A602-C98816C386A2}.Release|Any CPU.Build.0 = Release|Any CPU
		{CC5EC8DA-3548-4337-ACE2-8859270C17A7}.Debug|Any CPU.ActiveCfg = Debug|Any CPU
		{CC5EC8DA-3548-4337-ACE2-8859270C17A7}.Debug|Any CPU.Build.0 = Debug|Any CPU
		{CC5EC8DA-3548-4337-ACE2-8859270C17A7}.Release|Any CPU.ActiveCfg = Release|Any CPU
		{CC5EC8DA-3548-4337-ACE2-8859270C17A7}.Release|Any CPU.Build.0 = Release|Any CPU
		{61AB7DA1-3F77-4F1E-ACBC-49BA53F6300C}.Debug|Any CPU.ActiveCfg = Debug|Any CPU
		{61AB7DA1-3F77-4F1E-ACBC-49BA53F6300C}.Debug|Any CPU.Build.0 = Debug|Any CPU
		{61AB7DA1-3F77-4F1E-ACBC-49BA53F6300C}.Release|Any CPU.ActiveCfg = Release|Any CPU
		{61AB7DA1-3F77-4F1E-ACBC-49BA53F6300C}.Release|Any CPU.Build.0 = Release|Any CPU
		{93504E40-93B2-4A9C-8E09-F159A5E7314A}.Debug|Any CPU.ActiveCfg = Debug|Any CPU
		{93504E40-93B2-4A9C-8E09-F159A5E7314A}.Debug|Any CPU.Build.0 = Debug|Any CPU
		{93504E40-93B2-4A9C-8E09-F159A5E7314A}.Release|Any CPU.ActiveCfg = Release|Any CPU
		{93504E40-93B2-4A9C-8E09-F159A5E7314A}.Release|Any CPU.Build.0 = Release|Any CPU
		{CBDD2258-26E6-47A9-A7FA-1444376DA1B9}.Debug|Any CPU.ActiveCfg = Debug|Any CPU
		{CBDD2258-26E6-47A9-A7FA-1444376DA1B9}.Debug|Any CPU.Build.0 = Debug|Any CPU
		{CBDD2258-26E6-47A9-A7FA-1444376DA1B9}.Release|Any CPU.ActiveCfg = Release|Any CPU
		{CBDD2258-26E6-47A9-A7FA-1444376DA1B9}.Release|Any CPU.Build.0 = Release|Any CPU
		{5B7055B7-B81C-4D80-BB83-56334883B4DA}.Debug|Any CPU.ActiveCfg = Debug|Any CPU
		{5B7055B7-B81C-4D80-BB83-56334883B4DA}.Debug|Any CPU.Build.0 = Debug|Any CPU
		{5B7055B7-B81C-4D80-BB83-56334883B4DA}.Release|Any CPU.ActiveCfg = Release|Any CPU
		{5B7055B7-B81C-4D80-BB83-56334883B4DA}.Release|Any CPU.Build.0 = Release|Any CPU
		{C21CC8B5-A5B0-48BB-AD18-89587EE39643}.Debug|Any CPU.ActiveCfg = Debug|Any CPU
		{C21CC8B5-A5B0-48BB-AD18-89587EE39643}.Debug|Any CPU.Build.0 = Debug|Any CPU
		{C21CC8B5-A5B0-48BB-AD18-89587EE39643}.Release|Any CPU.ActiveCfg = Release|Any CPU
		{C21CC8B5-A5B0-48BB-AD18-89587EE39643}.Release|Any CPU.Build.0 = Release|Any CPU
		{B28B4F09-4EAA-4261-9B6D-5A24009D13DD}.Debug|Any CPU.ActiveCfg = Debug|Any CPU
		{B28B4F09-4EAA-4261-9B6D-5A24009D13DD}.Debug|Any CPU.Build.0 = Debug|Any CPU
		{B28B4F09-4EAA-4261-9B6D-5A24009D13DD}.Release|Any CPU.ActiveCfg = Release|Any CPU
		{B28B4F09-4EAA-4261-9B6D-5A24009D13DD}.Release|Any CPU.Build.0 = Release|Any CPU
	EndGlobalSection
	GlobalSection(SolutionProperties) = preSolution
		HideSolutionNode = FALSE
	EndGlobalSection
	GlobalSection(NestedProjects) = preSolution
		{9E143EA7-D94F-4333-BA55-D66A7D68815C} = {1090C06E-A034-4C54-A040-0A3EE249A71F}
		{9E6EF785-2AA5-4ED8-9AB6-140A3D10A48F} = {1090C06E-A034-4C54-A040-0A3EE249A71F}
		{BEAC890C-726F-474B-A8C5-15FF64318BF5} = {1090C06E-A034-4C54-A040-0A3EE249A71F}
		{F10CAD94-4BC1-4793-A62D-0841DE08E324} = {1090C06E-A034-4C54-A040-0A3EE249A71F}
		{E976AC1D-CD84-4E99-B423-3AB538F41C9F} = {93B3EFBE-5BA6-4A6A-8874-FE23FB8FF03D}
		{7C93D5DE-7C87-4897-815F-158FAE6F5DD6} = {93B3EFBE-5BA6-4A6A-8874-FE23FB8FF03D}
		{1C1C2764-B719-4ADB-B33C-79B5A2D31960} = {93B3EFBE-5BA6-4A6A-8874-FE23FB8FF03D}
		{623C2C50-1BA0-4944-9A8E-BAFB623873B5} = {A8BF0155-3D34-4D28-9F5B-F008142177F7}
		{413401C8-2FF9-4D3A-8622-DD19C2C53174} = {A8BF0155-3D34-4D28-9F5B-F008142177F7}
		{2183DE72-D6D7-4CB2-A602-C98816C386A2} = {C2CFA977-DD62-4A52-89CF-193D3B797D47}
		{CC5EC8DA-3548-4337-ACE2-8859270C17A7} = {C2CFA977-DD62-4A52-89CF-193D3B797D47}
		{61AB7DA1-3F77-4F1E-ACBC-49BA53F6300C} = {FBB10D7B-ADE7-4C8A-87C2-7D6C965AABD2}
		{93504E40-93B2-4A9C-8E09-F159A5E7314A} = {FBB10D7B-ADE7-4C8A-87C2-7D6C965AABD2}
		{CBDD2258-26E6-47A9-A7FA-1444376DA1B9} = {8B559B3F-241C-4D9B-84C9-E03D256ECA34}
		{5B7055B7-B81C-4D80-BB83-56334883B4DA} = {8B559B3F-241C-4D9B-84C9-E03D256ECA34}
		{C21CC8B5-A5B0-48BB-AD18-89587EE39643} = {8B559B3F-241C-4D9B-84C9-E03D256ECA34}
		{B28B4F09-4EAA-4261-9B6D-5A24009D13DD} = {8B559B3F-241C-4D9B-84C9-E03D256ECA34}
	EndGlobalSection
	GlobalSection(ExtensibilityGlobals) = postSolution
		SolutionGuid = {9B4B42D0-77A3-4F73-8067-07152B6AD193}
	EndGlobalSection
EndGlobal
