
Microsoft Visual Studio Solution File, Format Version 12.00
# Visual Studio Version 17
VisualStudioVersion = 17.4.33213.308
MinimumVisualStudioVersion = 10.0.40219.1
Project("{9A19103F-16F7-4668-BE54-9A1E7A4F7556}") = "SQSPublisher", "SQSPublisher\SQSPublisher.csproj", "{9E143EA7-D94F-4333-BA55-D66A7D68815C}"
EndProject
Project("{9A19103F-16F7-4668-BE54-9A1E7A4F7556}") = "SQSConsumer", "SQSConsumer\SQSConsumer.csproj", "{9E6EF785-2AA5-4ED8-9AB6-140A3D10A48F}"
EndProject
Project("{9A19103F-16F7-4668-BE54-9A1E7A4F7556}") = "Customers.Api", "Customers.Api\Customers.Api.csproj", "{BEAC890C-726F-474B-A8C5-15FF64318BF5}"
EndProject
Project("{FAE04EC0-301F-11D3-BF4B-00C04F79EFBC}") = "Customers.Consumer", "Customers.Consumer\Customers.Consumer.csproj", "{F10CAD94-4BC1-4793-A62D-0841DE08E324}"
EndProject
Project("{2150E333-8FDC-42A3-9474-1A3956D46DE8}") = "SQS", "SQS", "{1090C06E-A034-4C54-A040-0A3EE249A71F}"
EndProject
Project("{2150E333-8FDC-42A3-9474-1A3956D46DE8}") = "SNS", "SNS", "{93B3EFBE-5BA6-4A6A-8874-FE23FB8FF03D}"
EndProject
Global
	GlobalSection(SolutionConfigurationPlatforms) = preSolution
		Debug|Any CPU = Debug|Any CPU
		Release|Any CPU = Release|Any CPU
	EndGlobalSection
	GlobalSection(ProjectConfigurationPlatforms) = postSolution
		{9E143EA7-D94F-4333-BA55-D66A7D68815C}.Debug|Any CPU.ActiveCfg = Debug|Any CPU
		{9E143EA7-D94F-4333-BA55-D66A7D68815C}.Debug|Any CPU.Build.0 = Debug|Any CPU
		{9E143EA7-D94F-4333-BA55-D66A7D68815C}.Release|Any CPU.ActiveCfg = Release|Any CPU
		{9E143EA7-D94F-4333-BA55-D66A7D68815C}.Release|Any CPU.Build.0 = Release|Any CPU
		{9E6EF785-2AA5-4ED8-9AB6-140A3D10A48F}.Debug|Any CPU.ActiveCfg = Debug|Any CPU
		{9E6EF785-2AA5-4ED8-9AB6-140A3D10A48F}.Debug|Any CPU.Build.0 = Debug|Any CPU
		{9E6EF785-2AA5-4ED8-9AB6-140A3D10A48F}.Release|Any CPU.ActiveCfg = Release|Any CPU
		{9E6EF785-2AA5-4ED8-9AB6-140A3D10A48F}.Release|Any CPU.Build.0 = Release|Any CPU
		{BEAC890C-726F-474B-A8C5-15FF64318BF5}.Debug|Any CPU.ActiveCfg = Debug|Any CPU
		{BEAC890C-726F-474B-A8C5-15FF64318BF5}.Debug|Any CPU.Build.0 = Debug|Any CPU
		{BEAC890C-726F-474B-A8C5-15FF64318BF5}.Release|Any CPU.ActiveCfg = Release|Any CPU
		{BEAC890C-726F-474B-A8C5-15FF64318BF5}.Release|Any CPU.Build.0 = Release|Any CPU
		{F10CAD94-4BC1-4793-A62D-0841DE08E324}.Debug|Any CPU.ActiveCfg = Debug|Any CPU
		{F10CAD94-4BC1-4793-A62D-0841DE08E324}.Debug|Any CPU.Build.0 = Debug|Any CPU
		{F10CAD94-4BC1-4793-A62D-0841DE08E324}.Release|Any CPU.ActiveCfg = Release|Any CPU
		{F10CAD94-4BC1-4793-A62D-0841DE08E324}.Release|Any CPU.Build.0 = Release|Any CPU
	EndGlobalSection
	GlobalSection(SolutionProperties) = preSolution
		HideSolutionNode = FALSE
	EndGlobalSection
	GlobalSection(NestedProjects) = preSolution
		{9E143EA7-D94F-4333-BA55-D66A7D68815C} = {1090C06E-A034-4C54-A040-0A3EE249A71F}
		{9E6EF785-2AA5-4ED8-9AB6-140A3D10A48F} = {1090C06E-A034-4C54-A040-0A3EE249A71F}
		{BEAC890C-726F-474B-A8C5-15FF64318BF5} = {1090C06E-A034-4C54-A040-0A3EE249A71F}
		{F10CAD94-4BC1-4793-A62D-0841DE08E324} = {1090C06E-A034-4C54-A040-0A3EE249A71F}
	EndGlobalSection
	GlobalSection(ExtensibilityGlobals) = postSolution
		SolutionGuid = {9B4B42D0-77A3-4F73-8067-07152B6AD193}
	EndGlobalSection
EndGlobal
